
Microsoft Visual Studio Solution File, Format Version 12.00
# Visual Studio Version 16
VisualStudioVersion = 16.0.29709.97
MinimumVisualStudioVersion = 10.0.40219.1
Project("{9A19103F-16F7-4668-BE54-9A1E7A4F7556}") = "IronNes", "IronNes\IronNes.csproj", "{DA294F29-A0B3-46F5-B59C-ABC31CE54E3B}"
EndProject
Project("{9A19103F-16F7-4668-BE54-9A1E7A4F7556}") = "IronNes.Tests", "IronNes.Tests\IronNes.Tests.csproj", "{2A55DFC9-C7AA-448C-8C74-C263D25CF503}"
EndProject
Global
	GlobalSection(SolutionConfigurationPlatforms) = preSolution
		Debug|Any CPU = Debug|Any CPU
		Release|Any CPU = Release|Any CPU
	EndGlobalSection
	GlobalSection(ProjectConfigurationPlatforms) = postSolution
		{DA294F29-A0B3-46F5-B59C-ABC31CE54E3B}.Debug|Any CPU.ActiveCfg = Debug|Any CPU
		{DA294F29-A0B3-46F5-B59C-ABC31CE54E3B}.Debug|Any CPU.Build.0 = Debug|Any CPU
		{DA294F29-A0B3-46F5-B59C-ABC31CE54E3B}.Release|Any CPU.ActiveCfg = Release|Any CPU
		{DA294F29-A0B3-46F5-B59C-ABC31CE54E3B}.Release|Any CPU.Build.0 = Release|Any CPU
		{2A55DFC9-C7AA-448C-8C74-C263D25CF503}.Debug|Any CPU.ActiveCfg = Debug|Any CPU
		{2A55DFC9-C7AA-448C-8C74-C263D25CF503}.Debug|Any CPU.Build.0 = Debug|Any CPU
		{2A55DFC9-C7AA-448C-8C74-C263D25CF503}.Release|Any CPU.ActiveCfg = Release|Any CPU
		{2A55DFC9-C7AA-448C-8C74-C263D25CF503}.Release|Any CPU.Build.0 = Release|Any CPU
	EndGlobalSection
	GlobalSection(SolutionProperties) = preSolution
		HideSolutionNode = FALSE
	EndGlobalSection
	GlobalSection(ExtensibilityGlobals) = postSolution
		SolutionGuid = {3FE18D38-D620-451C-B51C-9AD903886649}
	EndGlobalSection
EndGlobal
